
Microsoft Visual Studio Solution File, Format Version 12.00
# Visual Studio Version 17
VisualStudioVersion = 17.0.31903.59
MinimumVisualStudioVersion = 10.0.40219.1
Project("{2150E333-8FDC-42A3-9474-1A3956D46DE8}") = "src", "src", "{827E0CD3-B72D-47B6-A68D-7590B98EB39B}"
EndProject
Project("{FAE04EC0-301F-11D3-BF4B-00C04F79EFBC}") = "FinanceFlow.Domain", "src\FinanceFlow.Domain\FinanceFlow.Domain.csproj", "{47F44DA2-FE5B-4B16-A591-EE584AE97E46}"
EndProject
Project("{FAE04EC0-301F-11D3-BF4B-00C04F79EFBC}") = "FinanceFlow.Application", "src\FinanceFlow.Application\FinanceFlow.Application.csproj", "{A249CB23-8ED7-48F2-8493-7671F58B84E9}"
EndProject
Project("{FAE04EC0-301F-11D3-BF4B-00C04F79EFBC}") = "FinanceFlow.Infrastructure", "src\FinanceFlow.Infrastructure\FinanceFlow.Infrastructure.csproj", "{A61FE29F-C529-4FE0-BC0F-69E4B04CF9F4}"
EndProject
Project("{FAE04EC0-301F-11D3-BF4B-00C04F79EFBC}") = "FinanceFlow.API", "src\FinanceFlow.API\FinanceFlow.API.csproj", "{03A0534D-9984-4CD5-AE93-21A509B8688C}"
EndProject
Project("{2150E333-8FDC-42A3-9474-1A3956D46DE8}") = "tests", "tests", "{0AB3BF05-4346-4AA6-1389-037BE0695223}"
EndProject
Project("{FAE04EC0-301F-11D3-BF4B-00C04F79EFBC}") = "FinanceFlow.Domain.Tests", "tests\FinanceFlow.Domain.Tests\FinanceFlow.Domain.Tests.csproj", "{0F1882B1-C02B-4FB7-AA29-304FE00C3433}"
EndProject
Global
	GlobalSection(SolutionConfigurationPlatforms) = preSolution
		Debug|Any CPU = Debug|Any CPU
		Debug|x64 = Debug|x64
		Debug|x86 = Debug|x86
		Release|Any CPU = Release|Any CPU
		Release|x64 = Release|x64
		Release|x86 = Release|x86
	EndGlobalSection
	GlobalSection(ProjectConfigurationPlatforms) = postSolution
		{47F44DA2-FE5B-4B16-A591-EE584AE97E46}.Debug|Any CPU.ActiveCfg = Debug|Any CPU
		{47F44DA2-FE5B-4B16-A591-EE584AE97E46}.Debug|Any CPU.Build.0 = Debug|Any CPU
		{47F44DA2-FE5B-4B16-A591-EE584AE97E46}.Debug|x64.ActiveCfg = Debug|Any CPU
		{47F44DA2-FE5B-4B16-A591-EE584AE97E46}.Debug|x64.Build.0 = Debug|Any CPU
		{47F44DA2-FE5B-4B16-A591-EE584AE97E46}.Debug|x86.ActiveCfg = Debug|Any CPU
		{47F44DA2-FE5B-4B16-A591-EE584AE97E46}.Debug|x86.Build.0 = Debug|Any CPU
		{47F44DA2-FE5B-4B16-A591-EE584AE97E46}.Release|Any CPU.ActiveCfg = Release|Any CPU
		{47F44DA2-FE5B-4B16-A591-EE584AE97E46}.Release|Any CPU.Build.0 = Release|Any CPU
		{47F44DA2-FE5B-4B16-A591-EE584AE97E46}.Release|x64.ActiveCfg = Release|Any CPU
		{47F44DA2-FE5B-4B16-A591-EE584AE97E46}.Release|x64.Build.0 = Release|Any CPU
		{47F44DA2-FE5B-4B16-A591-EE584AE97E46}.Release|x86.ActiveCfg = Release|Any CPU
		{47F44DA2-FE5B-4B16-A591-EE584AE97E46}.Release|x86.Build.0 = Release|Any CPU
		{A249CB23-8ED7-48F2-8493-7671F58B84E9}.Debug|Any CPU.ActiveCfg = Debug|Any CPU
		{A249CB23-8ED7-48F2-8493-7671F58B84E9}.Debug|Any CPU.Build.0 = Debug|Any CPU
		{A249CB23-8ED7-48F2-8493-7671F58B84E9}.Debug|x64.ActiveCfg = Debug|Any CPU
		{A249CB23-8ED7-48F2-8493-7671F58B84E9}.Debug|x64.Build.0 = Debug|Any CPU
		{A249CB23-8ED7-48F2-8493-7671F58B84E9}.Debug|x86.ActiveCfg = Debug|Any CPU
		{A249CB23-8ED7-48F2-8493-7671F58B84E9}.Debug|x86.Build.0 = Debug|Any CPU
		{A249CB23-8ED7-48F2-8493-7671F58B84E9}.Release|Any CPU.ActiveCfg = Release|Any CPU
		{A249CB23-8ED7-48F2-8493-7671F58B84E9}.Release|Any CPU.Build.0 = Release|Any CPU
		{A249CB23-8ED7-48F2-8493-7671F58B84E9}.Release|x64.ActiveCfg = Release|Any CPU
		{A249CB23-8ED7-48F2-8493-7671F58B84E9}.Release|x64.Build.0 = Release|Any CPU
		{A249CB23-8ED7-48F2-8493-7671F58B84E9}.Release|x86.ActiveCfg = Release|Any CPU
		{A249CB23-8ED7-48F2-8493-7671F58B84E9}.Release|x86.Build.0 = Release|Any CPU
		{A61FE29F-C529-4FE0-BC0F-69E4B04CF9F4}.Debug|Any CPU.ActiveCfg = Debug|Any CPU
		{A61FE29F-C529-4FE0-BC0F-69E4B04CF9F4}.Debug|Any CPU.Build.0 = Debug|Any CPU
		{A61FE29F-C529-4FE0-BC0F-69E4B04CF9F4}.Debug|x64.ActiveCfg = Debug|Any CPU
		{A61FE29F-C529-4FE0-BC0F-69E4B04CF9F4}.Debug|x64.Build.0 = Debug|Any CPU
		{A61FE29F-C529-4FE0-BC0F-69E4B04CF9F4}.Debug|x86.ActiveCfg = Debug|Any CPU
		{A61FE29F-C529-4FE0-BC0F-69E4B04CF9F4}.Debug|x86.Build.0 = Debug|Any CPU
		{A61FE29F-C529-4FE0-BC0F-69E4B04CF9F4}.Release|Any CPU.ActiveCfg = Release|Any CPU
		{A61FE29F-C529-4FE0-BC0F-69E4B04CF9F4}.Release|Any CPU.Build.0 = Release|Any CPU
		{A61FE29F-C529-4FE0-BC0F-69E4B04CF9F4}.Release|x64.ActiveCfg = Release|Any CPU
		{A61FE29F-C529-4FE0-BC0F-69E4B04CF9F4}.Release|x64.Build.0 = Release|Any CPU
		{A61FE29F-C529-4FE0-BC0F-69E4B04CF9F4}.Release|x86.ActiveCfg = Release|Any CPU
		{A61FE29F-C529-4FE0-BC0F-69E4B04CF9F4}.Release|x86.Build.0 = Release|Any CPU
		{03A0534D-9984-4CD5-AE93-21A509B8688C}.Debug|Any CPU.ActiveCfg = Debug|Any CPU
		{03A0534D-9984-4CD5-AE93-21A509B8688C}.Debug|Any CPU.Build.0 = Debug|Any CPU
		{03A0534D-9984-4CD5-AE93-21A509B8688C}.Debug|x64.ActiveCfg = Debug|Any CPU
		{03A0534D-9984-4CD5-AE93-21A509B8688C}.Debug|x64.Build.0 = Debug|Any CPU
		{03A0534D-9984-4CD5-AE93-21A509B8688C}.Debug|x86.ActiveCfg = Debug|Any CPU
		{03A0534D-9984-4CD5-AE93-21A509B8688C}.Debug|x86.Build.0 = Debug|Any CPU
		{03A0534D-9984-4CD5-AE93-21A509B8688C}.Release|Any CPU.ActiveCfg = Release|Any CPU
		{03A0534D-9984-4CD5-AE93-21A509B8688C}.Release|Any CPU.Build.0 = Release|Any CPU
		{03A0534D-9984-4CD5-AE93-21A509B8688C}.Release|x64.ActiveCfg = Release|Any CPU
		{03A0534D-9984-4CD5-AE93-21A509B8688C}.Release|x64.Build.0 = Release|Any CPU
		{03A0534D-9984-4CD5-AE93-21A509B8688C}.Release|x86.ActiveCfg = Release|Any CPU
		{03A0534D-9984-4CD5-AE93-21A509B8688C}.Release|x86.Build.0 = Release|Any CPU
		{0F1882B1-C02B-4FB7-AA29-304FE00C3433}.Debug|Any CPU.ActiveCfg = Debug|Any CPU
		{0F1882B1-C02B-4FB7-AA29-304FE00C3433}.Debug|Any CPU.Build.0 = Debug|Any CPU
		{0F1882B1-C02B-4FB7-AA29-304FE00C3433}.Debug|x64.ActiveCfg = Debug|Any CPU
		{0F1882B1-C02B-4FB7-AA29-304FE00C3433}.Debug|x64.Build.0 = Debug|Any CPU
		{0F1882B1-C02B-4FB7-AA29-304FE00C3433}.Debug|x86.ActiveCfg = Debug|Any CPU
		{0F1882B1-C02B-4FB7-AA29-304FE00C3433}.Debug|x86.Build.0 = Debug|Any CPU
		{0F1882B1-C02B-4FB7-AA29-304FE00C3433}.Release|Any CPU.ActiveCfg = Release|Any CPU
		{0F1882B1-C02B-4FB7-AA29-304FE00C3433}.Release|Any CPU.Build.0 = Release|Any CPU
		{0F1882B1-C02B-4FB7-AA29-304FE00C3433}.Release|x64.ActiveCfg = Release|Any CPU
		{0F1882B1-C02B-4FB7-AA29-304FE00C3433}.Release|x64.Build.0 = Release|Any CPU
		{0F1882B1-C02B-4FB7-AA29-304FE00C3433}.Release|x86.ActiveCfg = Release|Any CPU
		{0F1882B1-C02B-4FB7-AA29-304FE00C3433}.Release|x86.Build.0 = Release|Any CPU
	EndGlobalSection
	GlobalSection(SolutionProperties) = preSolution
		HideSolutionNode = FALSE
	EndGlobalSection
	GlobalSection(NestedProjects) = preSolution
		{47F44DA2-FE5B-4B16-A591-EE584AE97E46} = {827E0CD3-B72D-47B6-A68D-7590B98EB39B}
		{A249CB23-8ED7-48F2-8493-7671F58B84E9} = {827E0CD3-B72D-47B6-A68D-7590B98EB39B}
		{A61FE29F-C529-4FE0-BC0F-69E4B04CF9F4} = {827E0CD3-B72D-47B6-A68D-7590B98EB39B}
		{03A0534D-9984-4CD5-AE93-21A509B8688C} = {827E0CD3-B72D-47B6-A68D-7590B98EB39B}
		{0F1882B1-C02B-4FB7-AA29-304FE00C3433} = {0AB3BF05-4346-4AA6-1389-037BE0695223}
	EndGlobalSection
EndGlobal
